// !$*UTF8*$!
{
	archiveVersion = 1;
	classes = {
	};
	objectVersion = 46;
	objects = {

/* Begin PBXBuildFile section */
		E00EA72D1A04992600FEBCDC /* AppDelegate.swift in Sources */ = {isa = PBXBuildFile; fileRef = E00EA72C1A04992600FEBCDC /* AppDelegate.swift */; };
		E00EA72F1A04992600FEBCDC /* ViewController.swift in Sources */ = {isa = PBXBuildFile; fileRef = E00EA72E1A04992600FEBCDC /* ViewController.swift */; };
		E00EA7321A04992600FEBCDC /* Main.storyboard in Resources */ = {isa = PBXBuildFile; fileRef = E00EA7301A04992600FEBCDC /* Main.storyboard */; };
		E00EA7341A04992600FEBCDC /* Images.xcassets in Resources */ = {isa = PBXBuildFile; fileRef = E00EA7331A04992600FEBCDC /* Images.xcassets */; };
		E00EA7371A04992600FEBCDC /* LaunchScreen.xib in Resources */ = {isa = PBXBuildFile; fileRef = E00EA7351A04992600FEBCDC /* LaunchScreen.xib */; };
		E00EA7431A04992600FEBCDC /* ProyectoCafeAPpTests.swift in Sources */ = {isa = PBXBuildFile; fileRef = E00EA7421A04992600FEBCDC /* ProyectoCafeAPpTests.swift */; };
		E00EA74D1A04994500FEBCDC /* CreatingCofee.swift in Sources */ = {isa = PBXBuildFile; fileRef = E00EA74C1A04994500FEBCDC /* CreatingCofee.swift */; };
		E00EA74F1A04995C00FEBCDC /* CoffeeCreator.swift in Sources */ = {isa = PBXBuildFile; fileRef = E00EA74E1A04995C00FEBCDC /* CoffeeCreator.swift */; };
		E00EA7601A04A53F00FEBCDC /* Settings.swift in Sources */ = {isa = PBXBuildFile; fileRef = E00EA75F1A04A53F00FEBCDC /* Settings.swift */; };
/* End PBXBuildFile section */

/* Begin PBXContainerItemProxy section */
		E00EA73D1A04992600FEBCDC /* PBXContainerItemProxy */ = {
			isa = PBXContainerItemProxy;
			containerPortal = E00EA71F1A04992600FEBCDC /* Project object */;
			proxyType = 1;
			remoteGlobalIDString = E00EA7261A04992600FEBCDC;
			remoteInfo = ProyectoCafeAPp;
		};
/* End PBXContainerItemProxy section */

/* Begin PBXFileReference section */
		E00EA7271A04992600FEBCDC /* ProyectoCafeAPp.app */ = {isa = PBXFileReference; explicitFileType = wrapper.application; includeInIndex = 0; path = ProyectoCafeAPp.app; sourceTree = BUILT_PRODUCTS_DIR; };
		E00EA72B1A04992600FEBCDC /* Info.plist */ = {isa = PBXFileReference; lastKnownFileType = text.plist.xml; path = Info.plist; sourceTree = "<group>"; };
		E00EA72C1A04992600FEBCDC /* AppDelegate.swift */ = {isa = PBXFileReference; lastKnownFileType = sourcecode.swift; path = AppDelegate.swift; sourceTree = "<group>"; };
		E00EA72E1A04992600FEBCDC /* ViewController.swift */ = {isa = PBXFileReference; lastKnownFileType = sourcecode.swift; path = ViewController.swift; sourceTree = "<group>"; };
		E00EA7311A04992600FEBCDC /* Base */ = {isa = PBXFileReference; lastKnownFileType = file.storyboard; name = Base; path = Base.lproj/Main.storyboard; sourceTree = "<group>"; };
		E00EA7331A04992600FEBCDC /* Images.xcassets */ = {isa = PBXFileReference; lastKnownFileType = folder.assetcatalog; path = Images.xcassets; sourceTree = "<group>"; };
		E00EA7361A04992600FEBCDC /* Base */ = {isa = PBXFileReference; lastKnownFileType = file.xib; name = Base; path = Base.lproj/LaunchScreen.xib; sourceTree = "<group>"; };
		E00EA73C1A04992600FEBCDC /* ProyectoCafeAPpTests.xctest */ = {isa = PBXFileReference; explicitFileType = wrapper.cfbundle; includeInIndex = 0; path = ProyectoCafeAPpTests.xctest; sourceTree = BUILT_PRODUCTS_DIR; };
		E00EA7411A04992600FEBCDC /* Info.plist */ = {isa = PBXFileReference; lastKnownFileType = text.plist.xml; path = Info.plist; sourceTree = "<group>"; };
		E00EA7421A04992600FEBCDC /* ProyectoCafeAPpTests.swift */ = {isa = PBXFileReference; lastKnownFileType = sourcecode.swift; path = ProyectoCafeAPpTests.swift; sourceTree = "<group>"; };
		E00EA74C1A04994500FEBCDC /* CreatingCofee.swift */ = {isa = PBXFileReference; fileEncoding = 4; lastKnownFileType = sourcecode.swift; name = CreatingCofee.swift; path = ProyectoCafeAPp/CreatingCofee.swift; sourceTree = "<group>"; };
		E00EA74E1A04995C00FEBCDC /* CoffeeCreator.swift */ = {isa = PBXFileReference; fileEncoding = 4; lastKnownFileType = sourcecode.swift; path = CoffeeCreator.swift; sourceTree = "<group>"; };
		E00EA75F1A04A53F00FEBCDC /* Settings.swift */ = {isa = PBXFileReference; fileEncoding = 4; lastKnownFileType = sourcecode.swift; path = Settings.swift; sourceTree = "<group>"; };
/* End PBXFileReference section */

/* Begin PBXFrameworksBuildPhase section */
		E00EA7241A04992600FEBCDC /* Frameworks */ = {
			isa = PBXFrameworksBuildPhase;
			buildActionMask = 2147483647;
			files = (
			);
			runOnlyForDeploymentPostprocessing = 0;
		};
		E00EA7391A04992600FEBCDC /* Frameworks */ = {
			isa = PBXFrameworksBuildPhase;
			buildActionMask = 2147483647;
			files = (
			);
			runOnlyForDeploymentPostprocessing = 0;
		};
/* End PBXFrameworksBuildPhase section */

/* Begin PBXGroup section */
		E00EA71E1A04992600FEBCDC = {
			isa = PBXGroup;
			children = (
				E00EA74C1A04994500FEBCDC /* CreatingCofee.swift */,
				E00EA74E1A04995C00FEBCDC /* CoffeeCreator.swift */,
				E00EA75F1A04A53F00FEBCDC /* Settings.swift */,
				E00EA7291A04992600FEBCDC /* ProyectoCafeAPp */,
				E00EA73F1A04992600FEBCDC /* ProyectoCafeAPpTests */,
				E00EA7281A04992600FEBCDC /* Products */,
			);
			sourceTree = "<group>";
		};
		E00EA7281A04992600FEBCDC /* Products */ = {
			isa = PBXGroup;
			children = (
				E00EA7271A04992600FEBCDC /* ProyectoCafeAPp.app */,
				E00EA73C1A04992600FEBCDC /* ProyectoCafeAPpTests.xctest */,
			);
			name = Products;
			sourceTree = "<group>";
		};
		E00EA7291A04992600FEBCDC /* ProyectoCafeAPp */ = {
			isa = PBXGroup;
			children = (
				E00EA72C1A04992600FEBCDC /* AppDelegate.swift */,
				E00EA72E1A04992600FEBCDC /* ViewController.swift */,
				E00EA7301A04992600FEBCDC /* Main.storyboard */,
				E00EA7331A04992600FEBCDC /* Images.xcassets */,
				E00EA7351A04992600FEBCDC /* LaunchScreen.xib */,
				E00EA72A1A04992600FEBCDC /* Supporting Files */,
			);
			path = ProyectoCafeAPp;
			sourceTree = "<group>";
		};
		E00EA72A1A04992600FEBCDC /* Supporting Files */ = {
			isa = PBXGroup;
			children = (
				E00EA72B1A04992600FEBCDC /* Info.plist */,
			);
			name = "Supporting Files";
			sourceTree = "<group>";
		};
		E00EA73F1A04992600FEBCDC /* ProyectoCafeAPpTests */ = {
			isa = PBXGroup;
			children = (
				E00EA7421A04992600FEBCDC /* ProyectoCafeAPpTests.swift */,
				E00EA7401A04992600FEBCDC /* Supporting Files */,
			);
			path = ProyectoCafeAPpTests;
			sourceTree = "<group>";
		};
		E00EA7401A04992600FEBCDC /* Supporting Files */ = {
			isa = PBXGroup;
			children = (
				E00EA7411A04992600FEBCDC /* Info.plist */,
			);
			name = "Supporting Files";
			sourceTree = "<group>";
		};
/* End PBXGroup section */

/* Begin PBXNativeTarget section */
		E00EA7261A04992600FEBCDC /* ProyectoCafeAPp */ = {
			isa = PBXNativeTarget;
			buildConfigurationList = E00EA7461A04992600FEBCDC /* Build configuration list for PBXNativeTarget "ProyectoCafeAPp" */;
			buildPhases = (
				E00EA7231A04992600FEBCDC /* Sources */,
				E00EA7241A04992600FEBCDC /* Frameworks */,
				E00EA7251A04992600FEBCDC /* Resources */,
			);
			buildRules = (
			);
			dependencies = (
			);
			name = ProyectoCafeAPp;
			productName = ProyectoCafeAPp;
			productReference = E00EA7271A04992600FEBCDC /* ProyectoCafeAPp.app */;
			productType = "com.apple.product-type.application";
		};
		E00EA73B1A04992600FEBCDC /* ProyectoCafeAPpTests */ = {
			isa = PBXNativeTarget;
			buildConfigurationList = E00EA7491A04992600FEBCDC /* Build configuration list for PBXNativeTarget "ProyectoCafeAPpTests" */;
			buildPhases = (
				E00EA7381A04992600FEBCDC /* Sources */,
				E00EA7391A04992600FEBCDC /* Frameworks */,
				E00EA73A1A04992600FEBCDC /* Resources */,
			);
			buildRules = (
			);
			dependencies = (
				E00EA73E1A04992600FEBCDC /* PBXTargetDependency */,
			);
			name = ProyectoCafeAPpTests;
			productName = ProyectoCafeAPpTests;
			productReference = E00EA73C1A04992600FEBCDC /* ProyectoCafeAPpTests.xctest */;
			productType = "com.apple.product-type.bundle.unit-test";
		};
/* End PBXNativeTarget section */

/* Begin PBXProject section */
		E00EA71F1A04992600FEBCDC /* Project object */ = {
			isa = PBXProject;
			attributes = {
				LastUpgradeCheck = 0610;
				ORGANIZATIONNAME = "Rodolfo Castillo";
				TargetAttributes = {
					E00EA7261A04992600FEBCDC = {
						CreatedOnToolsVersion = 6.1;
						DevelopmentTeam = 27MUBRMHKJ;
					};
					E00EA73B1A04992600FEBCDC = {
						CreatedOnToolsVersion = 6.1;
						TestTargetID = E00EA7261A04992600FEBCDC;
					};
				};
			};
			buildConfigurationList = E00EA7221A04992600FEBCDC /* Build configuration list for PBXProject "ProyectoCafeAPp" */;
			compatibilityVersion = "Xcode 3.2";
			developmentRegion = English;
			hasScannedForEncodings = 0;
			knownRegions = (
				en,
				Base,
			);
			mainGroup = E00EA71E1A04992600FEBCDC;
			productRefGroup = E00EA7281A04992600FEBCDC /* Products */;
			projectDirPath = "";
			projectRoot = "";
			targets = (
				E00EA7261A04992600FEBCDC /* ProyectoCafeAPp */,
				E00EA73B1A04992600FEBCDC /* ProyectoCafeAPpTests */,
			);
		};
/* End PBXProject section */

/* Begin PBXResourcesBuildPhase section */
		E00EA7251A04992600FEBCDC /* Resources */ = {
			isa = PBXResourcesBuildPhase;
			buildActionMask = 2147483647;
			files = (
				E00EA7321A04992600FEBCDC /* Main.storyboard in Resources */,
				E00EA7371A04992600FEBCDC /* LaunchScreen.xib in Resources */,
				E00EA7341A04992600FEBCDC /* Images.xcassets in Resources */,
			);
			runOnlyForDeploymentPostprocessing = 0;
		};
		E00EA73A1A04992600FEBCDC /* Resources */ = {
			isa = PBXResourcesBuildPhase;
			buildActionMask = 2147483647;
			files = (
			);
			runOnlyForDeploymentPostprocessing = 0;
		};
/* End PBXResourcesBuildPhase section */

/* Begin PBXSourcesBuildPhase section */
		E00EA7231A04992600FEBCDC /* Sources */ = {
			isa = PBXSourcesBuildPhase;
			buildActionMask = 2147483647;
			files = (
				E00EA72F1A04992600FEBCDC /* ViewController.swift in Sources */,
				E00EA72D1A04992600FEBCDC /* AppDelegate.swift in Sources */,
				E00EA74F1A04995C00FEBCDC /* CoffeeCreator.swift in Sources */,
				E00EA74D1A04994500FEBCDC /* CreatingCofee.swift in Sources */,
				E00EA7601A04A53F00FEBCDC /* Settings.swift in Sources */,
			);
			runOnlyForDeploymentPostprocessing = 0;
		};
		E00EA7381A04992600FEBCDC /* Sources */ = {
			isa = PBXSourcesBuildPhase;
			buildActionMask = 2147483647;
			files = (
				E00EA7431A04992600FEBCDC /* ProyectoCafeAPpTests.swift in Sources */,
			);
			runOnlyForDeploymentPostprocessing = 0;
		};
/* End PBXSourcesBuildPhase section */

/* Begin PBXTargetDependency section */
		E00EA73E1A04992600FEBCDC /* PBXTargetDependency */ = {
			isa = PBXTargetDependency;
			target = E00EA7261A04992600FEBCDC /* ProyectoCafeAPp */;
			targetProxy = E00EA73D1A04992600FEBCDC /* PBXContainerItemProxy */;
		};
/* End PBXTargetDependency section */

/* Begin PBXVariantGroup section */
		E00EA7301A04992600FEBCDC /* Main.storyboard */ = {
			isa = PBXVariantGroup;
			children = (
				E00EA7311A04992600FEBCDC /* Base */,
			);
			name = Main.storyboard;
			sourceTree = "<group>";
		};
		E00EA7351A04992600FEBCDC /* LaunchScreen.xib */ = {
			isa = PBXVariantGroup;
			children = (
				E00EA7361A04992600FEBCDC /* Base */,
			);
			name = LaunchScreen.xib;
			sourceTree = "<group>";
		};
/* End PBXVariantGroup section */

/* Begin XCBuildConfiguration section */
		E00EA7441A04992600FEBCDC /* Debug */ = {
			isa = XCBuildConfiguration;
			buildSettings = {
				ALWAYS_SEARCH_USER_PATHS = NO;
				CLANG_CXX_LANGUAGE_STANDARD = "gnu++0x";
				CLANG_CXX_LIBRARY = "libc++";
				CLANG_ENABLE_MODULES = YES;
				CLANG_ENABLE_OBJC_ARC = YES;
				CLANG_WARN_BOOL_CONVERSION = YES;
				CLANG_WARN_CONSTANT_CONVERSION = YES;
				CLANG_WARN_DIRECT_OBJC_ISA_USAGE = YES_ERROR;
				CLANG_WARN_EMPTY_BODY = YES;
				CLANG_WARN_ENUM_CONVERSION = YES;
				CLANG_WARN_INT_CONVERSION = YES;
				CLANG_WARN_OBJC_ROOT_CLASS = YES_ERROR;
				CLANG_WARN_UNREACHABLE_CODE = YES;
				CLANG_WARN__DUPLICATE_METHOD_MATCH = YES;
				"CODE_SIGN_IDENTITY[sdk=iphoneos*]" = "iPhone Developer";
				COPY_PHASE_STRIP = NO;
				ENABLE_STRICT_OBJC_MSGSEND = YES;
				GCC_C_LANGUAGE_STANDARD = gnu99;
				GCC_DYNAMIC_NO_PIC = NO;
				GCC_OPTIMIZATION_LEVEL = 0;
				GCC_PREPROCESSOR_DEFINITIONS = (
					"DEBUG=1",
					"$(inherited)",
				);
				GCC_SYMBOLS_PRIVATE_EXTERN = NO;
				GCC_WARN_64_TO_32_BIT_CONVERSION = YES;
				GCC_WARN_ABOUT_RETURN_TYPE = YES_ERROR;
				GCC_WARN_UNDECLARED_SELECTOR = YES;
				GCC_WARN_UNINITIALIZED_AUTOS = YES_AGGRESSIVE;
				GCC_WARN_UNUSED_FUNCTION = YES;
				GCC_WARN_UNUSED_VARIABLE = YES;
				IPHONEOS_DEPLOYMENT_TARGET = 8.1;
				MTL_ENABLE_DEBUG_INFO = YES;
				ONLY_ACTIVE_ARCH = YES;
				SDKROOT = iphoneos;
				SWIFT_OPTIMIZATION_LEVEL = "-Onone";
				TARGETED_DEVICE_FAMILY = "1,2";
			};
			name = Debug;
		};
		E00EA7451A04992600FEBCDC /* Release */ = {
			isa = XCBuildConfiguration;
			buildSettings = {
				ALWAYS_SEARCH_USER_PATHS = NO;
				CLANG_CXX_LANGUAGE_STANDARD = "gnu++0x";
				CLANG_CXX_LIBRARY = "libc++";
				CLANG_ENABLE_MODULES = YES;
				CLANG_ENABLE_OBJC_ARC = YES;
				CLANG_WARN_BOOL_CONVERSION = YES;
				CLANG_WARN_CONSTANT_CONVERSION = YES;
				CLANG_WARN_DIRECT_OBJC_ISA_USAGE = YES_ERROR;
				CLANG_WARN_EMPTY_BODY = YES;
				CLANG_WARN_ENUM_CONVERSION = YES;
				CLANG_WARN_INT_CONVERSION = YES;
				CLANG_WARN_OBJC_ROOT_CLASS = YES_ERROR;
				CLANG_WARN_UNREACHABLE_CODE = YES;
				CLANG_WARN__DUPLICATE_METHOD_MATCH = YES;
				"CODE_SIGN_IDENTITY[sdk=iphoneos*]" = "iPhone Developer";
				COPY_PHASE_STRIP = YES;
				ENABLE_NS_ASSERTIONS = NO;
				ENABLE_STRICT_OBJC_MSGSEND = YES;
				GCC_C_LANGUAGE_STANDARD = gnu99;
				GCC_WARN_64_TO_32_BIT_CONVERSION = YES;
				GCC_WARN_ABOUT_RETURN_TYPE = YES_ERROR;
				GCC_WARN_UNDECLARED_SELECTOR = YES;
				GCC_WARN_UNINITIALIZED_AUTOS = YES_AGGRESSIVE;
				GCC_WARN_UNUSED_FUNCTION = YES;
				GCC_WARN_UNUSED_VARIABLE = YES;
				IPHONEOS_DEPLOYMENT_TARGET = 8.1;
				MTL_ENABLE_DEBUG_INFO = NO;
				SDKROOT = iphoneos;
				TARGETED_DEVICE_FAMILY = "1,2";
				VALIDATE_PRODUCT = YES;
			};
			name = Release;
		};
		E00EA7471A04992600FEBCDC /* Debug */ = {
			isa = XCBuildConfiguration;
			buildSettings = {
				ASSETCATALOG_COMPILER_APPICON_NAME = AppIcon;
				CODE_SIGN_IDENTITY = "iPhone Developer";
				"CODE_SIGN_IDENTITY[sdk=iphoneos*]" = "iPhone Developer";
				INFOPLIST_FILE = ProyectoCafeAPp/Info.plist;
				LD_RUNPATH_SEARCH_PATHS = "$(inherited) @executable_path/Frameworks";
				PRODUCT_NAME = "$(TARGET_NAME)";
				PROVISIONING_PROFILE = "";
			};
			name = Debug;
		};
		E00EA7481A04992600FEBCDC /* Release */ = {
			isa = XCBuildConfiguration;
			buildSettings = {
				ASSETCATALOG_COMPILER_APPICON_NAME = AppIcon;
				CODE_SIGN_IDENTITY = "iPhone Developer";
				"CODE_SIGN_IDENTITY[sdk=iphoneos*]" = "iPhone Developer";
				INFOPLIST_FILE = ProyectoCafeAPp/Info.plist;
				LD_RUNPATH_SEARCH_PATHS = "$(inherited) @executable_path/Frameworks";
				PRODUCT_NAME = "$(TARGET_NAME)";
				PROVISIONING_PROFILE = "";
			};
			name = Release;
		};
		E00EA74A1A04992600FEBCDC /* Debug */ = {
			isa = XCBuildConfiguration;
			buildSettings = {
				BUNDLE_LOADER = "$(TEST_HOST)";
				FRAMEWORK_SEARCH_PATHS = (
					"$(SDKROOT)/Developer/Library/Frameworks",
					"$(inherited)",
				);
				GCC_PREPROCESSOR_DEFINITIONS = (
					"DEBUG=1",
					"$(inherited)",
				);
				INFOPLIST_FILE = ProyectoCafeAPpTests/Info.plist;
				LD_RUNPATH_SEARCH_PATHS = "$(inherited) @executable_path/Frameworks @loader_path/Frameworks";
				PRODUCT_NAME = "$(TARGET_NAME)";
				TEST_HOST = "$(BUILT_PRODUCTS_DIR)/ProyectoCafeAPp.app/ProyectoCafeAPp";
			};
			name = Debug;
		};
		E00EA74B1A04992600FEBCDC /* Release */ = {
			isa = XCBuildConfiguration;
			buildSettings = {
				BUNDLE_LOADER = "$(TEST_HOST)";
				FRAMEWORK_SEARCH_PATHS = (
					"$(SDKROOT)/Developer/Library/Frameworks",
					"$(inherited)",
				);
				INFOPLIST_FILE = ProyectoCafeAPpTests/Info.plist;
				LD_RUNPATH_SEARCH_PATHS = "$(inherited) @executable_path/Frameworks @loader_path/Frameworks";
				PRODUCT_NAME = "$(TARGET_NAME)";
				TEST_HOST = "$(BUILT_PRODUCTS_DIR)/ProyectoCafeAPp.app/ProyectoCafeAPp";
			};
			name = Release;
		};
/* End XCBuildConfiguration section */

/* Begin XCConfigurationList section */
		E00EA7221A04992600FEBCDC /* Build configuration list for PBXProject "ProyectoCafeAPp" */ = {
			isa = XCConfigurationList;
			buildConfigurations = (
				E00EA7441A04992600FEBCDC /* Debug */,
				E00EA7451A04992600FEBCDC /* Release */,
			);
			defaultConfigurationIsVisible = 0;
			defaultConfigurationName = Release;
		};
		E00EA7461A04992600FEBCDC /* Build configuration list for PBXNativeTarget "ProyectoCafeAPp" */ = {
			isa = XCConfigurationList;
			buildConfigurations = (
				E00EA7471A04992600FEBCDC /* Debug */,
				E00EA7481A04992600FEBCDC /* Release */,
			);
			defaultConfigurationIsVisible = 0;
		};
		E00EA7491A04992600FEBCDC /* Build configuration list for PBXNativeTarget "ProyectoCafeAPpTests" */ = {
			isa = XCConfigurationList;
			buildConfigurations = (
				E00EA74A1A04992600FEBCDC /* Debug */,
				E00EA74B1A04992600FEBCDC /* Release */,
			);
			defaultConfigurationIsVisible = 0;
		};
/* End XCConfigurationList section */
	};
	rootObject = E00EA71F1A04992600FEBCDC /* Project object */;
}
